
Microsoft Visual Studio Solution File, Format Version 12.00
# Visual Studio Version 16
VisualStudioVersion = 16.0.31911.196
MinimumVisualStudioVersion = 10.0.40219.1
Project("{FAE04EC0-301F-11D3-BF4B-00C04F79EFBC}") = "MundoRock", "MundoRock\MundoRock.csproj", "{08DE2559-91D5-475D-A553-159C5162005A}"
EndProject
Global
	GlobalSection(SolutionConfigurationPlatforms) = preSolution
		Debug|Any CPU = Debug|Any CPU
		Release|Any CPU = Release|Any CPU
	EndGlobalSection
	GlobalSection(ProjectConfigurationPlatforms) = postSolution
		{08DE2559-91D5-475D-A553-159C5162005A}.Debug|Any CPU.ActiveCfg = Debug|Any CPU
		{08DE2559-91D5-475D-A553-159C5162005A}.Debug|Any CPU.Build.0 = Debug|Any CPU
		{08DE2559-91D5-475D-A553-159C5162005A}.Release|Any CPU.ActiveCfg = Release|Any CPU
		{08DE2559-91D5-475D-A553-159C5162005A}.Release|Any CPU.Build.0 = Release|Any CPU
	EndGlobalSection
	GlobalSection(SolutionProperties) = preSolution
		HideSolutionNode = FALSE
	EndGlobalSection
	GlobalSection(ExtensibilityGlobals) = postSolution
		SolutionGuid = {F28933D4-8414-4CA9-81BA-A346AA49774F}
	EndGlobalSection
EndGlobal
